
Microsoft Visual Studio Solution File, Format Version 12.00
# Visual Studio Version 16
VisualStudioVersion = 16.0.29728.190
MinimumVisualStudioVersion = 10.0.40219.1
Project("{9A19103F-16F7-4668-BE54-9A1E7A4F7556}") = "ZarDevs.Core.Models", "src\ZarDevs.Core.Models\ZarDevs.Core.Models.csproj", "{013D4102-B003-4B7A-928D-77F09B635420}"
EndProject
Project("{9A19103F-16F7-4668-BE54-9A1E7A4F7556}") = "ZarDevs.DependencyInjection", "src\ZarDevs.DependencyInjection\ZarDevs.DependencyInjection.csproj", "{F39ABCF7-00ED-4444-9FCF-D1CEDF1C5007}"
EndProject
Project("{9A19103F-16F7-4668-BE54-9A1E7A4F7556}") = "ZarDevs.DependencyInjection.AutoFac", "src\ZarDevs.DependencyInjection.AutoFac\ZarDevs.DependencyInjection.AutoFac.csproj", "{033AF347-0A9F-4ECD-B6A6-90C722E93E70}"
EndProject
Project("{9A19103F-16F7-4668-BE54-9A1E7A4F7556}") = "ZarDevs.DependencyInjection.Ninject", "src\ZarDevs.DependencyInjection.Ninject\ZarDevs.DependencyInjection.Ninject.csproj", "{7CD803C2-E7C8-437A-903C-56622CA5BA50}"
EndProject
Project("{2150E333-8FDC-42A3-9474-1A3956D46DE8}") = "src", "src", "{CC0DE82B-B126-4078-8E65-AAAD305851E6}"
EndProject
Project("{2150E333-8FDC-42A3-9474-1A3956D46DE8}") = "tests", "tests", "{45193D80-B87F-4A5F-A3C6-B80BAB03FAC8}"
EndProject
Project("{9A19103F-16F7-4668-BE54-9A1E7A4F7556}") = "ZarDevs.DependencyInjection.AutoFac.Tests", "tests\ZarDevs.DependencyInjection.AutoFac.Tests\ZarDevs.DependencyInjection.AutoFac.Tests.csproj", "{89922F45-8462-410C-A817-F17640CDEC7B}"
EndProject
Project("{9A19103F-16F7-4668-BE54-9A1E7A4F7556}") = "ZarDevs.DependencyInjection.Tests", "tests\ZarDevs.DependencyInjection.Tests\ZarDevs.DependencyInjection.Tests.csproj", "{FE886EB9-AB23-47E5-98D6-526F6A315A7D}"
EndProject
Project("{9A19103F-16F7-4668-BE54-9A1E7A4F7556}") = "ZarDevs.DependencyInjection.Ninject.Tests", "tests\ZarDevs.DependencyInjection.Ninject.Tests\ZarDevs.DependencyInjection.Ninject.Tests.csproj", "{3BC2BB36-1FE5-4778-BA0C-B8546F843D29}"
EndProject
Project("{9A19103F-16F7-4668-BE54-9A1E7A4F7556}") = "ZarDevs.DependencyInjection.Microsoft", "src\ZarDevs.DependencyInjection.Microsoft\ZarDevs.DependencyInjection.Microsoft.csproj", "{566F52B4-AC6F-40DF-9D2F-0C32BF23B5F0}"
EndProject
Project("{9A19103F-16F7-4668-BE54-9A1E7A4F7556}") = "ZarDevs.Commands.Abstractions", "src\ZarDevs.Commands.Abstractions\ZarDevs.Commands.Abstractions.csproj", "{50BA1813-544B-4A3C-BD52-36095442ABFC}"
EndProject
Project("{9A19103F-16F7-4668-BE54-9A1E7A4F7556}") = "ZarDevs.Commands.Http", "src\ZarDevs.Commands.Http\ZarDevs.Commands.Http.csproj", "{0DAD181E-A7A5-4EE5-8AB4-DB1E10A89D00}"
EndProject
Project("{9A19103F-16F7-4668-BE54-9A1E7A4F7556}") = "ZarDevs.Commands.Api", "src\ZarDevs.Commands.Api\ZarDevs.Commands.Api.csproj", "{633439A7-5836-48E7-810A-FE578A450848}"
EndProject
Project("{9A19103F-16F7-4668-BE54-9A1E7A4F7556}") = "ZarDevs.Runtime", "src\ZarDevs.Runtime\ZarDevs.Runtime.csproj", "{2D26F10A-360D-4497-A9AC-2F46DC2C8550}"
EndProject
Project("{9A19103F-16F7-4668-BE54-9A1E7A4F7556}") = "ZarDevs.Resources", "src\ZarDevs.Resources\ZarDevs.Resources.csproj", "{6767CFA7-2C0C-4F6D-BCAC-190A27ECC686}"
EndProject
Project("{9A19103F-16F7-4668-BE54-9A1E7A4F7556}") = "ZarDevs.Validations", "ZarDevs.Validations\ZarDevs.Validations.csproj", "{6FC807C1-37FF-4CDB-A087-046CB9C251C2}"
EndProject
Project("{9A19103F-16F7-4668-BE54-9A1E7A4F7556}") = "ZarDevs.Commands.Http.DependencyInjection", "src\ZarDevs.Commands.Http.DependencyInjection\ZarDevs.Commands.Http.DependencyInjection.csproj", "{DF9D6F44-94F4-4FF9-9CD3-59C39E97EFB9}"
EndProject
Project("{9A19103F-16F7-4668-BE54-9A1E7A4F7556}") = "ZarDevs.Commands.Api.DependencyInjection", "src\ZarDevs.Commands.Api.DependencyInjection\ZarDevs.Commands.Api.DependencyInjection.csproj", "{B542BDDD-BC5D-43AF-9E2E-1B1FBDA09E7B}"
EndProject
Project("{FAE04EC0-301F-11D3-BF4B-00C04F79EFBC}") = "ZarDevs.DependencyInjection.Microsoft.Tests", "tests\ZarDevs.DependencyInjection.Microsoft.Tests\ZarDevs.DependencyInjection.Microsoft.Tests.csproj", "{D29EBC23-AF29-45ED-B7D2-410F046AF597}"
EndProject
Global
	GlobalSection(SolutionConfigurationPlatforms) = preSolution
		Debug|Any CPU = Debug|Any CPU
		Release|Any CPU = Release|Any CPU
	EndGlobalSection
	GlobalSection(ProjectConfigurationPlatforms) = postSolution
		{013D4102-B003-4B7A-928D-77F09B635420}.Debug|Any CPU.ActiveCfg = Debug|Any CPU
		{013D4102-B003-4B7A-928D-77F09B635420}.Debug|Any CPU.Build.0 = Debug|Any CPU
		{013D4102-B003-4B7A-928D-77F09B635420}.Release|Any CPU.ActiveCfg = Release|Any CPU
		{013D4102-B003-4B7A-928D-77F09B635420}.Release|Any CPU.Build.0 = Release|Any CPU
		{F39ABCF7-00ED-4444-9FCF-D1CEDF1C5007}.Debug|Any CPU.ActiveCfg = Debug|Any CPU
		{F39ABCF7-00ED-4444-9FCF-D1CEDF1C5007}.Debug|Any CPU.Build.0 = Debug|Any CPU
		{F39ABCF7-00ED-4444-9FCF-D1CEDF1C5007}.Release|Any CPU.ActiveCfg = Release|Any CPU
		{F39ABCF7-00ED-4444-9FCF-D1CEDF1C5007}.Release|Any CPU.Build.0 = Release|Any CPU
		{033AF347-0A9F-4ECD-B6A6-90C722E93E70}.Debug|Any CPU.ActiveCfg = Debug|Any CPU
		{033AF347-0A9F-4ECD-B6A6-90C722E93E70}.Debug|Any CPU.Build.0 = Debug|Any CPU
		{033AF347-0A9F-4ECD-B6A6-90C722E93E70}.Release|Any CPU.ActiveCfg = Release|Any CPU
		{033AF347-0A9F-4ECD-B6A6-90C722E93E70}.Release|Any CPU.Build.0 = Release|Any CPU
		{7CD803C2-E7C8-437A-903C-56622CA5BA50}.Debug|Any CPU.ActiveCfg = Debug|Any CPU
		{7CD803C2-E7C8-437A-903C-56622CA5BA50}.Debug|Any CPU.Build.0 = Debug|Any CPU
		{7CD803C2-E7C8-437A-903C-56622CA5BA50}.Release|Any CPU.ActiveCfg = Release|Any CPU
		{7CD803C2-E7C8-437A-903C-56622CA5BA50}.Release|Any CPU.Build.0 = Release|Any CPU
		{89922F45-8462-410C-A817-F17640CDEC7B}.Debug|Any CPU.ActiveCfg = Debug|Any CPU
		{89922F45-8462-410C-A817-F17640CDEC7B}.Debug|Any CPU.Build.0 = Debug|Any CPU
		{89922F45-8462-410C-A817-F17640CDEC7B}.Release|Any CPU.ActiveCfg = Release|Any CPU
		{89922F45-8462-410C-A817-F17640CDEC7B}.Release|Any CPU.Build.0 = Release|Any CPU
		{FE886EB9-AB23-47E5-98D6-526F6A315A7D}.Debug|Any CPU.ActiveCfg = Debug|Any CPU
		{FE886EB9-AB23-47E5-98D6-526F6A315A7D}.Debug|Any CPU.Build.0 = Debug|Any CPU
		{FE886EB9-AB23-47E5-98D6-526F6A315A7D}.Release|Any CPU.ActiveCfg = Release|Any CPU
		{FE886EB9-AB23-47E5-98D6-526F6A315A7D}.Release|Any CPU.Build.0 = Release|Any CPU
		{3BC2BB36-1FE5-4778-BA0C-B8546F843D29}.Debug|Any CPU.ActiveCfg = Debug|Any CPU
		{3BC2BB36-1FE5-4778-BA0C-B8546F843D29}.Debug|Any CPU.Build.0 = Debug|Any CPU
		{3BC2BB36-1FE5-4778-BA0C-B8546F843D29}.Release|Any CPU.ActiveCfg = Release|Any CPU
		{3BC2BB36-1FE5-4778-BA0C-B8546F843D29}.Release|Any CPU.Build.0 = Release|Any CPU
		{566F52B4-AC6F-40DF-9D2F-0C32BF23B5F0}.Debug|Any CPU.ActiveCfg = Debug|Any CPU
		{566F52B4-AC6F-40DF-9D2F-0C32BF23B5F0}.Debug|Any CPU.Build.0 = Debug|Any CPU
		{566F52B4-AC6F-40DF-9D2F-0C32BF23B5F0}.Release|Any CPU.ActiveCfg = Release|Any CPU
		{566F52B4-AC6F-40DF-9D2F-0C32BF23B5F0}.Release|Any CPU.Build.0 = Release|Any CPU
		{50BA1813-544B-4A3C-BD52-36095442ABFC}.Debug|Any CPU.ActiveCfg = Debug|Any CPU
		{50BA1813-544B-4A3C-BD52-36095442ABFC}.Debug|Any CPU.Build.0 = Debug|Any CPU
		{50BA1813-544B-4A3C-BD52-36095442ABFC}.Release|Any CPU.ActiveCfg = Release|Any CPU
		{50BA1813-544B-4A3C-BD52-36095442ABFC}.Release|Any CPU.Build.0 = Release|Any CPU
		{0DAD181E-A7A5-4EE5-8AB4-DB1E10A89D00}.Debug|Any CPU.ActiveCfg = Debug|Any CPU
		{0DAD181E-A7A5-4EE5-8AB4-DB1E10A89D00}.Debug|Any CPU.Build.0 = Debug|Any CPU
		{0DAD181E-A7A5-4EE5-8AB4-DB1E10A89D00}.Release|Any CPU.ActiveCfg = Release|Any CPU
		{0DAD181E-A7A5-4EE5-8AB4-DB1E10A89D00}.Release|Any CPU.Build.0 = Release|Any CPU
		{633439A7-5836-48E7-810A-FE578A450848}.Debug|Any CPU.ActiveCfg = Debug|Any CPU
		{633439A7-5836-48E7-810A-FE578A450848}.Debug|Any CPU.Build.0 = Debug|Any CPU
		{633439A7-5836-48E7-810A-FE578A450848}.Release|Any CPU.ActiveCfg = Release|Any CPU
		{633439A7-5836-48E7-810A-FE578A450848}.Release|Any CPU.Build.0 = Release|Any CPU
		{2D26F10A-360D-4497-A9AC-2F46DC2C8550}.Debug|Any CPU.ActiveCfg = Debug|Any CPU
		{2D26F10A-360D-4497-A9AC-2F46DC2C8550}.Debug|Any CPU.Build.0 = Debug|Any CPU
		{2D26F10A-360D-4497-A9AC-2F46DC2C8550}.Release|Any CPU.ActiveCfg = Release|Any CPU
		{2D26F10A-360D-4497-A9AC-2F46DC2C8550}.Release|Any CPU.Build.0 = Release|Any CPU
		{6767CFA7-2C0C-4F6D-BCAC-190A27ECC686}.Debug|Any CPU.ActiveCfg = Debug|Any CPU
		{6767CFA7-2C0C-4F6D-BCAC-190A27ECC686}.Debug|Any CPU.Build.0 = Debug|Any CPU
		{6767CFA7-2C0C-4F6D-BCAC-190A27ECC686}.Release|Any CPU.ActiveCfg = Release|Any CPU
		{6767CFA7-2C0C-4F6D-BCAC-190A27ECC686}.Release|Any CPU.Build.0 = Release|Any CPU
		{6FC807C1-37FF-4CDB-A087-046CB9C251C2}.Debug|Any CPU.ActiveCfg = Debug|Any CPU
		{6FC807C1-37FF-4CDB-A087-046CB9C251C2}.Debug|Any CPU.Build.0 = Debug|Any CPU
		{6FC807C1-37FF-4CDB-A087-046CB9C251C2}.Release|Any CPU.ActiveCfg = Release|Any CPU
		{6FC807C1-37FF-4CDB-A087-046CB9C251C2}.Release|Any CPU.Build.0 = Release|Any CPU
		{DF9D6F44-94F4-4FF9-9CD3-59C39E97EFB9}.Debug|Any CPU.ActiveCfg = Debug|Any CPU
		{DF9D6F44-94F4-4FF9-9CD3-59C39E97EFB9}.Debug|Any CPU.Build.0 = Debug|Any CPU
		{DF9D6F44-94F4-4FF9-9CD3-59C39E97EFB9}.Release|Any CPU.ActiveCfg = Release|Any CPU
		{DF9D6F44-94F4-4FF9-9CD3-59C39E97EFB9}.Release|Any CPU.Build.0 = Release|Any CPU
		{B542BDDD-BC5D-43AF-9E2E-1B1FBDA09E7B}.Debug|Any CPU.ActiveCfg = Debug|Any CPU
		{B542BDDD-BC5D-43AF-9E2E-1B1FBDA09E7B}.Debug|Any CPU.Build.0 = Debug|Any CPU
		{B542BDDD-BC5D-43AF-9E2E-1B1FBDA09E7B}.Release|Any CPU.ActiveCfg = Release|Any CPU
		{B542BDDD-BC5D-43AF-9E2E-1B1FBDA09E7B}.Release|Any CPU.Build.0 = Release|Any CPU
		{D29EBC23-AF29-45ED-B7D2-410F046AF597}.Debug|Any CPU.ActiveCfg = Debug|Any CPU
		{D29EBC23-AF29-45ED-B7D2-410F046AF597}.Debug|Any CPU.Build.0 = Debug|Any CPU
		{D29EBC23-AF29-45ED-B7D2-410F046AF597}.Release|Any CPU.ActiveCfg = Release|Any CPU
		{D29EBC23-AF29-45ED-B7D2-410F046AF597}.Release|Any CPU.Build.0 = Release|Any CPU
	EndGlobalSection
	GlobalSection(SolutionProperties) = preSolution
		HideSolutionNode = FALSE
	EndGlobalSection
	GlobalSection(NestedProjects) = preSolution
		{013D4102-B003-4B7A-928D-77F09B635420} = {CC0DE82B-B126-4078-8E65-AAAD305851E6}
		{F39ABCF7-00ED-4444-9FCF-D1CEDF1C5007} = {CC0DE82B-B126-4078-8E65-AAAD305851E6}
		{033AF347-0A9F-4ECD-B6A6-90C722E93E70} = {CC0DE82B-B126-4078-8E65-AAAD305851E6}
		{7CD803C2-E7C8-437A-903C-56622CA5BA50} = {CC0DE82B-B126-4078-8E65-AAAD305851E6}
		{89922F45-8462-410C-A817-F17640CDEC7B} = {45193D80-B87F-4A5F-A3C6-B80BAB03FAC8}
		{FE886EB9-AB23-47E5-98D6-526F6A315A7D} = {45193D80-B87F-4A5F-A3C6-B80BAB03FAC8}
		{3BC2BB36-1FE5-4778-BA0C-B8546F843D29} = {45193D80-B87F-4A5F-A3C6-B80BAB03FAC8}
		{566F52B4-AC6F-40DF-9D2F-0C32BF23B5F0} = {CC0DE82B-B126-4078-8E65-AAAD305851E6}
		{50BA1813-544B-4A3C-BD52-36095442ABFC} = {CC0DE82B-B126-4078-8E65-AAAD305851E6}
		{0DAD181E-A7A5-4EE5-8AB4-DB1E10A89D00} = {CC0DE82B-B126-4078-8E65-AAAD305851E6}
		{633439A7-5836-48E7-810A-FE578A450848} = {CC0DE82B-B126-4078-8E65-AAAD305851E6}
		{2D26F10A-360D-4497-A9AC-2F46DC2C8550} = {CC0DE82B-B126-4078-8E65-AAAD305851E6}
		{6767CFA7-2C0C-4F6D-BCAC-190A27ECC686} = {CC0DE82B-B126-4078-8E65-AAAD305851E6}
		{6FC807C1-37FF-4CDB-A087-046CB9C251C2} = {CC0DE82B-B126-4078-8E65-AAAD305851E6}
		{DF9D6F44-94F4-4FF9-9CD3-59C39E97EFB9} = {CC0DE82B-B126-4078-8E65-AAAD305851E6}
		{B542BDDD-BC5D-43AF-9E2E-1B1FBDA09E7B} = {CC0DE82B-B126-4078-8E65-AAAD305851E6}
		{D29EBC23-AF29-45ED-B7D2-410F046AF597} = {45193D80-B87F-4A5F-A3C6-B80BAB03FAC8}
	EndGlobalSection
	GlobalSection(ExtensibilityGlobals) = postSolution
		SolutionGuid = {2BBC94B1-CE12-4692-BE35-086344F06179}
	EndGlobalSection
EndGlobal
